
Microsoft Visual Studio Solution File, Format Version 12.00
# Visual Studio Version 16
VisualStudioVersion = 16.0.30104.148
MinimumVisualStudioVersion = 10.0.40219.1
Project("{FAE04EC0-301F-11D3-BF4B-00C04F79EFBC}") = "IdentityServer4.Storage.Mysql", "IdentityServer4.Storage.Mysql.csproj", "{AA5CAF16-F1D5-4464-A2BF-F67281272941}"
EndProject
Global
	GlobalSection(SolutionConfigurationPlatforms) = preSolution
		Debug|Any CPU = Debug|Any CPU
		Release|Any CPU = Release|Any CPU
	EndGlobalSection
	GlobalSection(ProjectConfigurationPlatforms) = postSolution
		{AA5CAF16-F1D5-4464-A2BF-F67281272941}.Debug|Any CPU.ActiveCfg = Debug|Any CPU
		{AA5CAF16-F1D5-4464-A2BF-F67281272941}.Debug|Any CPU.Build.0 = Debug|Any CPU
		{AA5CAF16-F1D5-4464-A2BF-F67281272941}.Release|Any CPU.ActiveCfg = Release|Any CPU
		{AA5CAF16-F1D5-4464-A2BF-F67281272941}.Release|Any CPU.Build.0 = Release|Any CPU
	EndGlobalSection
	GlobalSection(SolutionProperties) = preSolution
		HideSolutionNode = FALSE
	EndGlobalSection
	GlobalSection(ExtensibilityGlobals) = postSolution
		SolutionGuid = {5D3BFDDB-0BAB-4FFF-92DC-4106968E5B2C}
	EndGlobalSection
EndGlobal
